{
  "object": {
    "pins": [
      {
        "package": "HTMLKit",
        "repositoryURL": "https://github.com/iabudiab/HTMLKit",
        "state": {
          "branch": null,
          "revision": "bb6d7ccc67286e0ca0a8a97517241337d4e2900c",
          "version": "2.0.6"
        }
      },
      {
        "package": "Nimble",
        "repositoryURL": "https://github.com/Quick/Nimble",
        "state": {
          "branch": null,
          "revision": "8023e3980d91b470ad073d6da843b73f2eeb1844",
          "version": "7.1.2"
        }
      },
      {
        "package": "Runes",
        "repositoryURL": "https://github.com/thoughtbot/Runes",
        "state": {
          "branch": null,
          "revision": "30701f9587e31eca105318a5612691bf35a95d0b",
          "version": "4.1.1"
        }
      }
    ]
  },
  "version": 1
}
